
Microsoft Visual Studio Solution File, Format Version 12.00
# Visual Studio Version 17
VisualStudioVersion = 17.9.34728.123
MinimumVisualStudioVersion = 10.0.40219.1
Project("{FAE04EC0-301F-11D3-BF4B-00C04F79EFBC}") = "RuchikaDhudum_Assignment1", "RuchikaDhudum_Assignment1\RuchikaDhudum_Assignment1.csproj", "{EDDA40FC-28F0-4045-9669-A1707A2B0C73}"
EndProject
Global
	GlobalSection(SolutionConfigurationPlatforms) = preSolution
		Debug|Any CPU = Debug|Any CPU
		Release|Any CPU = Release|Any CPU
	EndGlobalSection
	GlobalSection(ProjectConfigurationPlatforms) = postSolution
		{EDDA40FC-28F0-4045-9669-A1707A2B0C73}.Debug|Any CPU.ActiveCfg = Debug|Any CPU
		{EDDA40FC-28F0-4045-9669-A1707A2B0C73}.Debug|Any CPU.Build.0 = Debug|Any CPU
		{EDDA40FC-28F0-4045-9669-A1707A2B0C73}.Release|Any CPU.ActiveCfg = Release|Any CPU
		{EDDA40FC-28F0-4045-9669-A1707A2B0C73}.Release|Any CPU.Build.0 = Release|Any CPU
	EndGlobalSection
	GlobalSection(SolutionProperties) = preSolution
		HideSolutionNode = FALSE
	EndGlobalSection
	GlobalSection(ExtensibilityGlobals) = postSolution
		SolutionGuid = {DAD60A38-FAD6-4019-B801-2690B3420A25}
	EndGlobalSection
EndGlobal
